<?xml version="1.0" encoding="UTF-8"?>
<!DOCTYPE plist PUBLIC "-//Apple//DTD PLIST 1.0//EN" "http://www.apple.com/DTDs/PropertyList-1.0.dtd">
<plist version="1.0">
<dict>
	<key>archiveVersion</key>
	<string>1</string>
	<key>classes</key>
	<dict/>
	<key>objectVersion</key>
	<string>46</string>
	<key>objects</key>
	<dict>
		<key>0911F82F1A745AEA0028CDE5</key>
		<dict>
			<key>children</key>
			<array>
				<string>09B9B8E81A88DF88003A9D78</string>
				<string>0911F83A1A745AEA0028CDE5</string>
				<string>0911F8571A745AEA0028CDE5</string>
				<string>0911F8391A745AEA0028CDE5</string>
				<string>DF96967B89FD5CA11CE722A5</string>
				<string>632A26B689E99E5142632F04</string>
			</array>
			<key>isa</key>
			<string>PBXGroup</string>
			<key>sourceTree</key>
			<string>&lt;group&gt;</string>
		</dict>
		<key>0911F8301A745AEA0028CDE5</key>
		<dict>
			<key>attributes</key>
			<dict>
				<key>LastUpgradeCheck</key>
				<string>0610</string>
				<key>ORGANIZATIONNAME</key>
				<string>alexey</string>
				<key>TargetAttributes</key>
				<dict>
					<key>0911F8371A745AEA0028CDE5</key>
					<dict>
						<key>CreatedOnToolsVersion</key>
						<string>6.1.1</string>
					</dict>
					<key>0911F8531A745AEA0028CDE5</key>
					<dict>
						<key>CreatedOnToolsVersion</key>
						<string>6.1.1</string>
						<key>TestTargetID</key>
						<string>0911F8371A745AEA0028CDE5</string>
					</dict>
				</dict>
			</dict>
			<key>buildConfigurationList</key>
			<string>0911F8331A745AEA0028CDE5</string>
			<key>compatibilityVersion</key>
			<string>Xcode 3.2</string>
			<key>developmentRegion</key>
			<string>English</string>
			<key>hasScannedForEncodings</key>
			<string>0</string>
			<key>isa</key>
			<string>PBXProject</string>
			<key>knownRegions</key>
			<array>
				<string>en</string>
				<string>Base</string>
			</array>
			<key>mainGroup</key>
			<string>0911F82F1A745AEA0028CDE5</string>
			<key>productRefGroup</key>
			<string>0911F8391A745AEA0028CDE5</string>
			<key>projectDirPath</key>
			<string></string>
			<key>projectReferences</key>
			<array/>
			<key>projectRoot</key>
			<string></string>
			<key>targets</key>
			<array>
				<string>0911F8371A745AEA0028CDE5</string>
				<string>0911F8531A745AEA0028CDE5</string>
			</array>
		</dict>
		<key>0911F8331A745AEA0028CDE5</key>
		<dict>
			<key>buildConfigurations</key>
			<array>
				<string>0911F85C1A745AEA0028CDE5</string>
				<string>0911F85D1A745AEA0028CDE5</string>
			</array>
			<key>defaultConfigurationIsVisible</key>
			<string>0</string>
			<key>defaultConfigurationName</key>
			<string>Release</string>
			<key>isa</key>
			<string>XCConfigurationList</string>
		</dict>
		<key>0911F8341A745AEA0028CDE5</key>
		<dict>
			<key>buildActionMask</key>
			<string>2147483647</string>
			<key>files</key>
			<array>
				<string>0911F8661A745B540028CDE5</string>
				<string>0911F8411A745AEA0028CDE5</string>
				<string>097615831A7A666800FCCBA2</string>
				<string>0911F8691A745B680028CDE5</string>
				<string>0911F83E1A745AEA0028CDE5</string>
				<string>091586E91A7D331F004B11BE</string>
				<string>095093371A78207200DAF60C</string>
				<string>091586EC1A7D3320004B11BE</string>
				<string>0911F8711A745DEC0028CDE5</string>
				<string>0911F86E1A745DDA0028CDE5</string>
				<string>0911F8441A745AEA0028CDE5</string>
			</array>
			<key>isa</key>
			<string>PBXSourcesBuildPhase</string>
			<key>runOnlyForDeploymentPostprocessing</key>
			<string>0</string>
		</dict>
		<key>0911F8351A745AEA0028CDE5</key>
		<dict>
			<key>buildActionMask</key>
			<string>2147483647</string>
			<key>files</key>
			<array>
				<string>432BE2632FDBD4D6FA40E2D7</string>
			</array>
			<key>isa</key>
			<string>PBXFrameworksBuildPhase</string>
			<key>runOnlyForDeploymentPostprocessing</key>
			<string>0</string>
		</dict>
		<key>0911F8361A745AEA0028CDE5</key>
		<dict>
			<key>buildActionMask</key>
			<string>2147483647</string>
			<key>files</key>
			<array>
				<string>09B9B8E91A88DF88003A9D78</string>
				<string>0950933C1A7821D400DAF60C</string>
				<string>0950933E1A7823C900DAF60C</string>
				<string>0911F84A1A745AEA0028CDE5</string>
				<string>0911F84F1A745AEA0028CDE5</string>
				<string>0911F84C1A745AEA0028CDE5</string>
			</array>
			<key>isa</key>
			<string>PBXResourcesBuildPhase</string>
			<key>runOnlyForDeploymentPostprocessing</key>
			<string>0</string>
		</dict>
		<key>0911F8371A745AEA0028CDE5</key>
		<dict>
			<key>buildConfigurationList</key>
			<string>0911F85E1A745AEA0028CDE5</string>
			<key>buildPhases</key>
			<array>
				<string>2312A47F07FDD36856DADD68</string>
				<string>0911F8341A745AEA0028CDE5</string>
				<string>0911F8351A745AEA0028CDE5</string>
				<string>0911F8361A745AEA0028CDE5</string>
				<string>C7A4E1A844B9D4CDA66196B8</string>
			</array>
			<key>buildRules</key>
			<array/>
			<key>dependencies</key>
			<array/>
			<key>isa</key>
			<string>PBXNativeTarget</string>
			<key>name</key>
			<string>LinguaCard</string>
			<key>productName</key>
			<string>LinguaCard</string>
			<key>productReference</key>
			<string>0911F8381A745AEA0028CDE5</string>
			<key>productType</key>
			<string>com.apple.product-type.application</string>
		</dict>
		<key>0911F8381A745AEA0028CDE5</key>
		<dict>
			<key>explicitFileType</key>
			<string>wrapper.application</string>
			<key>includeInIndex</key>
			<string>0</string>
			<key>isa</key>
			<string>PBXFileReference</string>
			<key>path</key>
			<string>LinguaCard.app</string>
			<key>sourceTree</key>
			<string>BUILT_PRODUCTS_DIR</string>
		</dict>
		<key>0911F8391A745AEA0028CDE5</key>
		<dict>
			<key>children</key>
			<array>
				<string>0911F8381A745AEA0028CDE5</string>
				<string>0911F8541A745AEA0028CDE5</string>
			</array>
			<key>isa</key>
			<string>PBXGroup</string>
			<key>name</key>
			<string>Products</string>
			<key>sourceTree</key>
			<string>&lt;group&gt;</string>
		</dict>
		<key>0911F83A1A745AEA0028CDE5</key>
		<dict>
			<key>children</key>
			<array>
				<string>095093341A78207200DAF60C</string>
				<string>0911F83F1A745AEA0028CDE5</string>
				<string>0911F8401A745AEA0028CDE5</string>
				<string>0911F8481A745AEA0028CDE5</string>
				<string>097615811A7A666800FCCBA2</string>
				<string>097615821A7A666800FCCBA2</string>
				<string>0911F86A1A745DBB0028CDE5</string>
				<string>0911F86B1A745DC70028CDE5</string>
				<string>0911F84B1A745AEA0028CDE5</string>
				<string>0911F84D1A745AEA0028CDE5</string>
				<string>0911F8421A745AEA0028CDE5</string>
				<string>091586EA1A7D3320004B11BE</string>
				<string>091586EB1A7D3320004B11BE</string>
				<string>091586E71A7D331F004B11BE</string>
				<string>091586E81A7D331F004B11BE</string>
				<string>0911F83B1A745AEA0028CDE5</string>
			</array>
			<key>isa</key>
			<string>PBXGroup</string>
			<key>path</key>
			<string>LinguaCard</string>
			<key>sourceTree</key>
			<string>&lt;group&gt;</string>
		</dict>
		<key>0911F83B1A745AEA0028CDE5</key>
		<dict>
			<key>children</key>
			<array>
				<string>0911F83C1A745AEA0028CDE5</string>
				<string>0911F83D1A745AEA0028CDE5</string>
			</array>
			<key>isa</key>
			<string>PBXGroup</string>
			<key>name</key>
			<string>Supporting Files</string>
			<key>sourceTree</key>
			<string>&lt;group&gt;</string>
		</dict>
		<key>0911F83C1A745AEA0028CDE5</key>
		<dict>
			<key>isa</key>
			<string>PBXFileReference</string>
			<key>lastKnownFileType</key>
			<string>text.plist.xml</string>
			<key>path</key>
			<string>Info.plist</string>
			<key>sourceTree</key>
			<string>&lt;group&gt;</string>
		</dict>
		<key>0911F83D1A745AEA0028CDE5</key>
		<dict>
			<key>isa</key>
			<string>PBXFileReference</string>
			<key>lastKnownFileType</key>
			<string>sourcecode.c.objc</string>
			<key>path</key>
			<string>main.m</string>
			<key>sourceTree</key>
			<string>&lt;group&gt;</string>
		</dict>
		<key>0911F83E1A745AEA0028CDE5</key>
		<dict>
			<key>fileRef</key>
			<string>0911F83D1A745AEA0028CDE5</string>
			<key>isa</key>
			<string>PBXBuildFile</string>
		</dict>
		<key>0911F83F1A745AEA0028CDE5</key>
		<dict>
			<key>isa</key>
			<string>PBXFileReference</string>
			<key>lastKnownFileType</key>
			<string>sourcecode.c.h</string>
			<key>path</key>
			<string>AppDelegate.h</string>
			<key>sourceTree</key>
			<string>&lt;group&gt;</string>
		</dict>
		<key>0911F8401A745AEA0028CDE5</key>
		<dict>
			<key>isa</key>
			<string>PBXFileReference</string>
			<key>lastKnownFileType</key>
			<string>sourcecode.c.objc</string>
			<key>path</key>
			<string>AppDelegate.m</string>
			<key>sourceTree</key>
			<string>&lt;group&gt;</string>
		</dict>
		<key>0911F8411A745AEA0028CDE5</key>
		<dict>
			<key>fileRef</key>
			<string>0911F8401A745AEA0028CDE5</string>
			<key>isa</key>
			<string>PBXBuildFile</string>
		</dict>
		<key>0911F8421A745AEA0028CDE5</key>
		<dict>
			<key>children</key>
			<array>
				<string>0911F8431A745AEA0028CDE5</string>
			</array>
			<key>currentVersion</key>
			<string>0911F8431A745AEA0028CDE5</string>
			<key>isa</key>
			<string>XCVersionGroup</string>
			<key>path</key>
			<string>LinguaCard.xcdatamodeld</string>
			<key>sourceTree</key>
			<string>&lt;group&gt;</string>
			<key>versionGroupType</key>
			<string>wrapper.xcdatamodel</string>
		</dict>
		<key>0911F8431A745AEA0028CDE5</key>
		<dict>
			<key>isa</key>
			<string>PBXFileReference</string>
			<key>lastKnownFileType</key>
			<string>wrapper.xcdatamodel</string>
			<key>path</key>
			<string>LinguaCard.xcdatamodel</string>
			<key>sourceTree</key>
			<string>&lt;group&gt;</string>
		</dict>
		<key>0911F8441A745AEA0028CDE5</key>
		<dict>
			<key>fileRef</key>
			<string>0911F8421A745AEA0028CDE5</string>
			<key>isa</key>
			<string>PBXBuildFile</string>
		</dict>
		<key>0911F8481A745AEA0028CDE5</key>
		<dict>
			<key>children</key>
			<array>
				<string>0911F8491A745AEA0028CDE5</string>
			</array>
			<key>isa</key>
			<string>PBXVariantGroup</string>
			<key>name</key>
			<string>Main.storyboard</string>
			<key>sourceTree</key>
			<string>&lt;group&gt;</string>
		</dict>
		<key>0911F8491A745AEA0028CDE5</key>
		<dict>
			<key>isa</key>
			<string>PBXFileReference</string>
			<key>lastKnownFileType</key>
			<string>file.storyboard</string>
			<key>name</key>
			<string>Base</string>
			<key>path</key>
			<string>Base.lproj/Main.storyboard</string>
			<key>sourceTree</key>
			<string>&lt;group&gt;</string>
		</dict>
		<key>0911F84A1A745AEA0028CDE5</key>
		<dict>
			<key>fileRef</key>
			<string>0911F8481A745AEA0028CDE5</string>
			<key>isa</key>
			<string>PBXBuildFile</string>
		</dict>
		<key>0911F84B1A745AEA0028CDE5</key>
		<dict>
			<key>isa</key>
			<string>PBXFileReference</string>
			<key>lastKnownFileType</key>
			<string>folder.assetcatalog</string>
			<key>path</key>
			<string>Images.xcassets</string>
			<key>sourceTree</key>
			<string>&lt;group&gt;</string>
		</dict>
		<key>0911F84C1A745AEA0028CDE5</key>
		<dict>
			<key>fileRef</key>
			<string>0911F84B1A745AEA0028CDE5</string>
			<key>isa</key>
			<string>PBXBuildFile</string>
		</dict>
		<key>0911F84D1A745AEA0028CDE5</key>
		<dict>
			<key>children</key>
			<array>
				<string>0911F84E1A745AEA0028CDE5</string>
			</array>
			<key>isa</key>
			<string>PBXVariantGroup</string>
			<key>name</key>
			<string>LaunchScreen.xib</string>
			<key>sourceTree</key>
			<string>&lt;group&gt;</string>
		</dict>
		<key>0911F84E1A745AEA0028CDE5</key>
		<dict>
			<key>isa</key>
			<string>PBXFileReference</string>
			<key>lastKnownFileType</key>
			<string>file.xib</string>
			<key>name</key>
			<string>Base</string>
			<key>path</key>
			<string>Base.lproj/LaunchScreen.xib</string>
			<key>sourceTree</key>
			<string>&lt;group&gt;</string>
		</dict>
		<key>0911F84F1A745AEA0028CDE5</key>
		<dict>
			<key>fileRef</key>
			<string>0911F84D1A745AEA0028CDE5</string>
			<key>isa</key>
			<string>PBXBuildFile</string>
		</dict>
		<key>0911F8501A745AEA0028CDE5</key>
		<dict>
			<key>buildActionMask</key>
			<string>2147483647</string>
			<key>files</key>
			<array>
				<string>0911F85B1A745AEA0028CDE5</string>
			</array>
			<key>isa</key>
			<string>PBXSourcesBuildPhase</string>
			<key>runOnlyForDeploymentPostprocessing</key>
			<string>0</string>
		</dict>
		<key>0911F8511A745AEA0028CDE5</key>
		<dict>
			<key>buildActionMask</key>
			<string>2147483647</string>
			<key>files</key>
			<array/>
			<key>isa</key>
			<string>PBXFrameworksBuildPhase</string>
			<key>runOnlyForDeploymentPostprocessing</key>
			<string>0</string>
		</dict>
		<key>0911F8521A745AEA0028CDE5</key>
		<dict>
			<key>buildActionMask</key>
			<string>2147483647</string>
			<key>files</key>
			<array/>
			<key>isa</key>
			<string>PBXResourcesBuildPhase</string>
			<key>runOnlyForDeploymentPostprocessing</key>
			<string>0</string>
		</dict>
		<key>0911F8531A745AEA0028CDE5</key>
		<dict>
			<key>buildConfigurationList</key>
			<string>0911F8611A745AEA0028CDE5</string>
			<key>buildPhases</key>
			<array>
				<string>0911F8501A745AEA0028CDE5</string>
				<string>0911F8511A745AEA0028CDE5</string>
				<string>0911F8521A745AEA0028CDE5</string>
			</array>
			<key>buildRules</key>
			<array/>
			<key>dependencies</key>
			<array>
				<string>0911F8561A745AEA0028CDE5</string>
			</array>
			<key>isa</key>
			<string>PBXNativeTarget</string>
			<key>name</key>
			<string>LinguaCardTests</string>
			<key>productName</key>
			<string>LinguaCardTests</string>
			<key>productReference</key>
			<string>0911F8541A745AEA0028CDE5</string>
			<key>productType</key>
			<string>com.apple.product-type.bundle.unit-test</string>
		</dict>
		<key>0911F8541A745AEA0028CDE5</key>
		<dict>
			<key>explicitFileType</key>
			<string>wrapper.cfbundle</string>
			<key>includeInIndex</key>
			<string>0</string>
			<key>isa</key>
			<string>PBXFileReference</string>
			<key>path</key>
			<string>LinguaCardTests.xctest</string>
			<key>sourceTree</key>
			<string>BUILT_PRODUCTS_DIR</string>
		</dict>
		<key>0911F8551A745AEA0028CDE5</key>
		<dict>
			<key>containerPortal</key>
			<string>0911F8301A745AEA0028CDE5</string>
			<key>isa</key>
			<string>PBXContainerItemProxy</string>
			<key>proxyType</key>
			<string>1</string>
			<key>remoteGlobalIDString</key>
			<string>0911F8371A745AEA0028CDE5</string>
			<key>remoteInfo</key>
			<string>LinguaCard</string>
		</dict>
		<key>0911F8561A745AEA0028CDE5</key>
		<dict>
			<key>isa</key>
			<string>PBXTargetDependency</string>
			<key>target</key>
			<string>0911F8371A745AEA0028CDE5</string>
			<key>targetProxy</key>
			<string>0911F8551A745AEA0028CDE5</string>
		</dict>
		<key>0911F8571A745AEA0028CDE5</key>
		<dict>
			<key>children</key>
			<array>
				<string>0911F85A1A745AEA0028CDE5</string>
				<string>0911F8581A745AEA0028CDE5</string>
			</array>
			<key>isa</key>
			<string>PBXGroup</string>
			<key>path</key>
			<string>LinguaCardTests</string>
			<key>sourceTree</key>
			<string>&lt;group&gt;</string>
		</dict>
		<key>0911F8581A745AEA0028CDE5</key>
		<dict>
			<key>children</key>
			<array>
				<string>0911F8591A745AEA0028CDE5</string>
			</array>
			<key>isa</key>
			<string>PBXGroup</string>
			<key>name</key>
			<string>Supporting Files</string>
			<key>sourceTree</key>
			<string>&lt;group&gt;</string>
		</dict>
		<key>0911F8591A745AEA0028CDE5</key>
		<dict>
			<key>isa</key>
			<string>PBXFileReference</string>
			<key>lastKnownFileType</key>
			<string>text.plist.xml</string>
			<key>path</key>
			<string>Info.plist</string>
			<key>sourceTree</key>
			<string>&lt;group&gt;</string>
		</dict>
		<key>0911F85A1A745AEA0028CDE5</key>
		<dict>
			<key>isa</key>
			<string>PBXFileReference</string>
			<key>lastKnownFileType</key>
			<string>sourcecode.c.objc</string>
			<key>path</key>
			<string>LinguaCardTests.m</string>
			<key>sourceTree</key>
			<string>&lt;group&gt;</string>
		</dict>
		<key>0911F85B1A745AEA0028CDE5</key>
		<dict>
			<key>fileRef</key>
			<string>0911F85A1A745AEA0028CDE5</string>
			<key>isa</key>
			<string>PBXBuildFile</string>
		</dict>
		<key>0911F85C1A745AEA0028CDE5</key>
		<dict>
			<key>buildSettings</key>
			<dict>
				<key>ALWAYS_SEARCH_USER_PATHS</key>
				<string>NO</string>
				<key>CLANG_CXX_LANGUAGE_STANDARD</key>
				<string>gnu++0x</string>
				<key>CLANG_CXX_LIBRARY</key>
				<string>libc++</string>
				<key>CLANG_ENABLE_MODULES</key>
				<string>YES</string>
				<key>CLANG_ENABLE_OBJC_ARC</key>
				<string>YES</string>
				<key>CLANG_WARN_BOOL_CONVERSION</key>
				<string>YES</string>
				<key>CLANG_WARN_CONSTANT_CONVERSION</key>
				<string>YES</string>
				<key>CLANG_WARN_DIRECT_OBJC_ISA_USAGE</key>
				<string>YES_ERROR</string>
				<key>CLANG_WARN_EMPTY_BODY</key>
				<string>YES</string>
				<key>CLANG_WARN_ENUM_CONVERSION</key>
				<string>YES</string>
				<key>CLANG_WARN_INT_CONVERSION</key>
				<string>YES</string>
				<key>CLANG_WARN_OBJC_ROOT_CLASS</key>
				<string>YES_ERROR</string>
				<key>CLANG_WARN_UNREACHABLE_CODE</key>
				<string>YES</string>
				<key>CLANG_WARN__DUPLICATE_METHOD_MATCH</key>
				<string>YES</string>
				<key>CODE_SIGN_IDENTITY[sdk=iphoneos*]</key>
				<string>iPhone Developer</string>
				<key>COPY_PHASE_STRIP</key>
				<string>NO</string>
				<key>ENABLE_STRICT_OBJC_MSGSEND</key>
				<string>YES</string>
				<key>GCC_C_LANGUAGE_STANDARD</key>
				<string>gnu99</string>
				<key>GCC_DYNAMIC_NO_PIC</key>
				<string>NO</string>
				<key>GCC_OPTIMIZATION_LEVEL</key>
				<string>0</string>
				<key>GCC_PREPROCESSOR_DEFINITIONS</key>
				<array>
					<string>DEBUG=1</string>
					<string>$(inherited)</string>
				</array>
				<key>GCC_SYMBOLS_PRIVATE_EXTERN</key>
				<string>NO</string>
				<key>GCC_WARN_64_TO_32_BIT_CONVERSION</key>
				<string>YES</string>
				<key>GCC_WARN_ABOUT_RETURN_TYPE</key>
				<string>YES_ERROR</string>
				<key>GCC_WARN_UNDECLARED_SELECTOR</key>
				<string>YES</string>
				<key>GCC_WARN_UNINITIALIZED_AUTOS</key>
				<string>YES_AGGRESSIVE</string>
				<key>GCC_WARN_UNUSED_FUNCTION</key>
				<string>YES</string>
				<key>GCC_WARN_UNUSED_VARIABLE</key>
				<string>YES</string>
				<key>IPHONEOS_DEPLOYMENT_TARGET</key>
				<string>8.1</string>
				<key>MTL_ENABLE_DEBUG_INFO</key>
				<string>YES</string>
				<key>ONLY_ACTIVE_ARCH</key>
				<string>YES</string>
				<key>SDKROOT</key>
				<string>iphoneos</string>
			</dict>
			<key>isa</key>
			<string>XCBuildConfiguration</string>
			<key>name</key>
			<string>Debug</string>
		</dict>
		<key>0911F85D1A745AEA0028CDE5</key>
		<dict>
			<key>buildSettings</key>
			<dict>
				<key>ALWAYS_SEARCH_USER_PATHS</key>
				<string>NO</string>
				<key>CLANG_CXX_LANGUAGE_STANDARD</key>
				<string>gnu++0x</string>
				<key>CLANG_CXX_LIBRARY</key>
				<string>libc++</string>
				<key>CLANG_ENABLE_MODULES</key>
				<string>YES</string>
				<key>CLANG_ENABLE_OBJC_ARC</key>
				<string>YES</string>
				<key>CLANG_WARN_BOOL_CONVERSION</key>
				<string>YES</string>
				<key>CLANG_WARN_CONSTANT_CONVERSION</key>
				<string>YES</string>
				<key>CLANG_WARN_DIRECT_OBJC_ISA_USAGE</key>
				<string>YES_ERROR</string>
				<key>CLANG_WARN_EMPTY_BODY</key>
				<string>YES</string>
				<key>CLANG_WARN_ENUM_CONVERSION</key>
				<string>YES</string>
				<key>CLANG_WARN_INT_CONVERSION</key>
				<string>YES</string>
				<key>CLANG_WARN_OBJC_ROOT_CLASS</key>
				<string>YES_ERROR</string>
				<key>CLANG_WARN_UNREACHABLE_CODE</key>
				<string>YES</string>
				<key>CLANG_WARN__DUPLICATE_METHOD_MATCH</key>
				<string>YES</string>
				<key>CODE_SIGN_IDENTITY[sdk=iphoneos*]</key>
				<string>iPhone Developer</string>
				<key>COPY_PHASE_STRIP</key>
				<string>YES</string>
				<key>ENABLE_NS_ASSERTIONS</key>
				<string>NO</string>
				<key>ENABLE_STRICT_OBJC_MSGSEND</key>
				<string>YES</string>
				<key>GCC_C_LANGUAGE_STANDARD</key>
				<string>gnu99</string>
				<key>GCC_WARN_64_TO_32_BIT_CONVERSION</key>
				<string>YES</string>
				<key>GCC_WARN_ABOUT_RETURN_TYPE</key>
				<string>YES_ERROR</string>
				<key>GCC_WARN_UNDECLARED_SELECTOR</key>
				<string>YES</string>
				<key>GCC_WARN_UNINITIALIZED_AUTOS</key>
				<string>YES_AGGRESSIVE</string>
				<key>GCC_WARN_UNUSED_FUNCTION</key>
				<string>YES</string>
				<key>GCC_WARN_UNUSED_VARIABLE</key>
				<string>YES</string>
				<key>IPHONEOS_DEPLOYMENT_TARGET</key>
				<string>8.1</string>
				<key>MTL_ENABLE_DEBUG_INFO</key>
				<string>NO</string>
				<key>SDKROOT</key>
				<string>iphoneos</string>
				<key>VALIDATE_PRODUCT</key>
				<string>YES</string>
			</dict>
			<key>isa</key>
			<string>XCBuildConfiguration</string>
			<key>name</key>
			<string>Release</string>
		</dict>
		<key>0911F85E1A745AEA0028CDE5</key>
		<dict>
			<key>buildConfigurations</key>
			<array>
				<string>0911F85F1A745AEA0028CDE5</string>
				<string>0911F8601A745AEA0028CDE5</string>
			</array>
			<key>defaultConfigurationIsVisible</key>
			<string>0</string>
			<key>defaultConfigurationName</key>
			<string>Release</string>
			<key>isa</key>
			<string>XCConfigurationList</string>
		</dict>
		<key>0911F85F1A745AEA0028CDE5</key>
		<dict>
			<key>baseConfigurationReference</key>
			<string>543802C43F0D65B6C4E69AF9</string>
			<key>buildSettings</key>
			<dict>
				<key>ASSETCATALOG_COMPILER_APPICON_NAME</key>
				<string>AppIcon</string>
				<key>INFOPLIST_FILE</key>
				<string>LinguaCard/Info.plist</string>
				<key>LD_RUNPATH_SEARCH_PATHS</key>
				<string>$(inherited) @executable_path/Frameworks</string>
				<key>PRODUCT_NAME</key>
				<string>$(TARGET_NAME)</string>
			</dict>
			<key>isa</key>
			<string>XCBuildConfiguration</string>
			<key>name</key>
			<string>Debug</string>
		</dict>
		<key>0911F8601A745AEA0028CDE5</key>
		<dict>
			<key>baseConfigurationReference</key>
			<string>E26F0D445E6E817FA95CC0B5</string>
			<key>buildSettings</key>
			<dict>
				<key>ASSETCATALOG_COMPILER_APPICON_NAME</key>
				<string>AppIcon</string>
				<key>INFOPLIST_FILE</key>
				<string>LinguaCard/Info.plist</string>
				<key>LD_RUNPATH_SEARCH_PATHS</key>
				<string>$(inherited) @executable_path/Frameworks</string>
				<key>PRODUCT_NAME</key>
				<string>$(TARGET_NAME)</string>
			</dict>
			<key>isa</key>
			<string>XCBuildConfiguration</string>
			<key>name</key>
			<string>Release</string>
		</dict>
		<key>0911F8611A745AEA0028CDE5</key>
		<dict>
			<key>buildConfigurations</key>
			<array>
				<string>0911F8621A745AEA0028CDE5</string>
				<string>0911F8631A745AEA0028CDE5</string>
			</array>
			<key>defaultConfigurationIsVisible</key>
			<string>0</string>
			<key>defaultConfigurationName</key>
			<string>Release</string>
			<key>isa</key>
			<string>XCConfigurationList</string>
		</dict>
		<key>0911F8621A745AEA0028CDE5</key>
		<dict>
			<key>buildSettings</key>
			<dict>
				<key>BUNDLE_LOADER</key>
				<string>$(TEST_HOST)</string>
				<key>FRAMEWORK_SEARCH_PATHS</key>
				<array>
					<string>$(SDKROOT)/Developer/Library/Frameworks</string>
					<string>$(inherited)</string>
				</array>
				<key>GCC_PREPROCESSOR_DEFINITIONS</key>
				<array>
					<string>DEBUG=1</string>
					<string>$(inherited)</string>
				</array>
				<key>INFOPLIST_FILE</key>
				<string>LinguaCardTests/Info.plist</string>
				<key>LD_RUNPATH_SEARCH_PATHS</key>
				<string>$(inherited) @executable_path/Frameworks @loader_path/Frameworks</string>
				<key>PRODUCT_NAME</key>
				<string>$(TARGET_NAME)</string>
				<key>TEST_HOST</key>
				<string>$(BUILT_PRODUCTS_DIR)/LinguaCard.app/LinguaCard</string>
			</dict>
			<key>isa</key>
			<string>XCBuildConfiguration</string>
			<key>name</key>
			<string>Debug</string>
		</dict>
		<key>0911F8631A745AEA0028CDE5</key>
		<dict>
			<key>buildSettings</key>
			<dict>
				<key>BUNDLE_LOADER</key>
				<string>$(TEST_HOST)</string>
				<key>FRAMEWORK_SEARCH_PATHS</key>
				<array>
					<string>$(SDKROOT)/Developer/Library/Frameworks</string>
					<string>$(inherited)</string>
				</array>
				<key>INFOPLIST_FILE</key>
				<string>LinguaCardTests/Info.plist</string>
				<key>LD_RUNPATH_SEARCH_PATHS</key>
				<string>$(inherited) @executable_path/Frameworks @loader_path/Frameworks</string>
				<key>PRODUCT_NAME</key>
				<string>$(TARGET_NAME)</string>
				<key>TEST_HOST</key>
				<string>$(BUILT_PRODUCTS_DIR)/LinguaCard.app/LinguaCard</string>
			</dict>
			<key>isa</key>
			<string>XCBuildConfiguration</string>
			<key>name</key>
			<string>Release</string>
		</dict>
		<key>0911F8641A745B540028CDE5</key>
		<dict>
			<key>fileEncoding</key>
			<string>4</string>
			<key>isa</key>
			<string>PBXFileReference</string>
			<key>lastKnownFileType</key>
			<string>sourcecode.c.h</string>
			<key>path</key>
			<string>AddEnglishLessonViewController.h</string>
			<key>sourceTree</key>
			<string>&lt;group&gt;</string>
		</dict>
		<key>0911F8651A745B540028CDE5</key>
		<dict>
			<key>fileEncoding</key>
			<string>4</string>
			<key>isa</key>
			<string>PBXFileReference</string>
			<key>lastKnownFileType</key>
			<string>sourcecode.c.objc</string>
			<key>path</key>
			<string>AddEnglishLessonViewController.m</string>
			<key>sourceTree</key>
			<string>&lt;group&gt;</string>
		</dict>
		<key>0911F8661A745B540028CDE5</key>
		<dict>
			<key>fileRef</key>
			<string>0911F8651A745B540028CDE5</string>
			<key>isa</key>
			<string>PBXBuildFile</string>
		</dict>
		<key>0911F8671A745B670028CDE5</key>
		<dict>
			<key>fileEncoding</key>
			<string>4</string>
			<key>isa</key>
			<string>PBXFileReference</string>
			<key>lastKnownFileType</key>
			<string>sourcecode.c.h</string>
			<key>path</key>
			<string>EnglishLessonsTableViewController.h</string>
			<key>sourceTree</key>
			<string>&lt;group&gt;</string>
		</dict>
		<key>0911F8681A745B670028CDE5</key>
		<dict>
			<key>fileEncoding</key>
			<string>4</string>
			<key>isa</key>
			<string>PBXFileReference</string>
			<key>lastKnownFileType</key>
			<string>sourcecode.c.objc</string>
			<key>path</key>
			<string>EnglishLessonsTableViewController.m</string>
			<key>sourceTree</key>
			<string>&lt;group&gt;</string>
		</dict>
		<key>0911F8691A745B680028CDE5</key>
		<dict>
			<key>fileRef</key>
			<string>0911F8681A745B670028CDE5</string>
			<key>isa</key>
			<string>PBXBuildFile</string>
		</dict>
		<key>0911F86A1A745DBB0028CDE5</key>
		<dict>
			<key>children</key>
			<array>
				<string>0911F8641A745B540028CDE5</string>
				<string>0911F8651A745B540028CDE5</string>
				<string>0911F86F1A745DEC0028CDE5</string>
				<string>0911F8701A745DEC0028CDE5</string>
			</array>
			<key>isa</key>
			<string>PBXGroup</string>
			<key>name</key>
			<string>ViewControllers</string>
			<key>sourceTree</key>
			<string>&lt;group&gt;</string>
		</dict>
		<key>0911F86B1A745DC70028CDE5</key>
		<dict>
			<key>children</key>
			<array>
				<string>0911F8671A745B670028CDE5</string>
				<string>0911F8681A745B670028CDE5</string>
				<string>0911F86C1A745DDA0028CDE5</string>
				<string>0911F86D1A745DDA0028CDE5</string>
			</array>
			<key>isa</key>
			<string>PBXGroup</string>
			<key>name</key>
			<string>TablewView Controllers</string>
			<key>sourceTree</key>
			<string>&lt;group&gt;</string>
		</dict>
		<key>0911F86C1A745DDA0028CDE5</key>
		<dict>
			<key>fileEncoding</key>
			<string>4</string>
			<key>isa</key>
			<string>PBXFileReference</string>
			<key>lastKnownFileType</key>
			<string>sourcecode.c.h</string>
			<key>path</key>
			<string>CardsTableViewController.h</string>
			<key>sourceTree</key>
			<string>&lt;group&gt;</string>
		</dict>
		<key>0911F86D1A745DDA0028CDE5</key>
		<dict>
			<key>fileEncoding</key>
			<string>4</string>
			<key>isa</key>
			<string>PBXFileReference</string>
			<key>lastKnownFileType</key>
			<string>sourcecode.c.objc</string>
			<key>path</key>
			<string>CardsTableViewController.m</string>
			<key>sourceTree</key>
			<string>&lt;group&gt;</string>
		</dict>
		<key>0911F86E1A745DDA0028CDE5</key>
		<dict>
			<key>fileRef</key>
			<string>0911F86D1A745DDA0028CDE5</string>
			<key>isa</key>
			<string>PBXBuildFile</string>
		</dict>
		<key>0911F86F1A745DEC0028CDE5</key>
		<dict>
			<key>fileEncoding</key>
			<string>4</string>
			<key>isa</key>
			<string>PBXFileReference</string>
			<key>lastKnownFileType</key>
			<string>sourcecode.c.h</string>
			<key>path</key>
			<string>AddCardViewController.h</string>
			<key>sourceTree</key>
			<string>&lt;group&gt;</string>
		</dict>
		<key>0911F8701A745DEC0028CDE5</key>
		<dict>
			<key>fileEncoding</key>
			<string>4</string>
			<key>isa</key>
			<string>PBXFileReference</string>
			<key>lastKnownFileType</key>
			<string>sourcecode.c.objc</string>
			<key>path</key>
			<string>AddCardViewController.m</string>
			<key>sourceTree</key>
			<string>&lt;group&gt;</string>
		</dict>
		<key>0911F8711A745DEC0028CDE5</key>
		<dict>
			<key>fileRef</key>
			<string>0911F8701A745DEC0028CDE5</string>
			<key>isa</key>
			<string>PBXBuildFile</string>
		</dict>
		<key>091586E71A7D331F004B11BE</key>
		<dict>
			<key>fileEncoding</key>
			<string>4</string>
			<key>isa</key>
			<string>PBXFileReference</string>
			<key>lastKnownFileType</key>
			<string>sourcecode.c.h</string>
			<key>path</key>
			<string>Card.h</string>
			<key>sourceTree</key>
			<string>&lt;group&gt;</string>
		</dict>
		<key>091586E81A7D331F004B11BE</key>
		<dict>
			<key>fileEncoding</key>
			<string>4</string>
			<key>isa</key>
			<string>PBXFileReference</string>
			<key>lastKnownFileType</key>
			<string>sourcecode.c.objc</string>
			<key>path</key>
			<string>Card.m</string>
			<key>sourceTree</key>
			<string>&lt;group&gt;</string>
		</dict>
		<key>091586E91A7D331F004B11BE</key>
		<dict>
			<key>fileRef</key>
			<string>091586E81A7D331F004B11BE</string>
			<key>isa</key>
			<string>PBXBuildFile</string>
		</dict>
		<key>091586EA1A7D3320004B11BE</key>
		<dict>
			<key>fileEncoding</key>
			<string>4</string>
			<key>isa</key>
			<string>PBXFileReference</string>
			<key>lastKnownFileType</key>
			<string>sourcecode.c.h</string>
			<key>path</key>
			<string>ELesson.h</string>
			<key>sourceTree</key>
			<string>&lt;group&gt;</string>
		</dict>
		<key>091586EB1A7D3320004B11BE</key>
		<dict>
			<key>fileEncoding</key>
			<string>4</string>
			<key>isa</key>
			<string>PBXFileReference</string>
			<key>lastKnownFileType</key>
			<string>sourcecode.c.objc</string>
			<key>path</key>
			<string>ELesson.m</string>
			<key>sourceTree</key>
			<string>&lt;group&gt;</string>
		</dict>
		<key>091586EC1A7D3320004B11BE</key>
		<dict>
			<key>fileRef</key>
			<string>091586EB1A7D3320004B11BE</string>
			<key>isa</key>
			<string>PBXBuildFile</string>
		</dict>
		<key>095093341A78207200DAF60C</key>
		<dict>
			<key>children</key>
			<array>
				<string>095093351A78207200DAF60C</string>
				<string>095093361A78207200DAF60C</string>
				<string>0950933B1A7821D400DAF60C</string>
				<string>0950933D1A7823C900DAF60C</string>
			</array>
			<key>isa</key>
			<string>PBXGroup</string>
			<key>path</key>
			<string>iCarousel</string>
			<key>sourceTree</key>
			<string>&lt;group&gt;</string>
		</dict>
		<key>095093351A78207200DAF60C</key>
		<dict>
			<key>fileEncoding</key>
			<string>4</string>
			<key>isa</key>
			<string>PBXFileReference</string>
			<key>lastKnownFileType</key>
			<string>sourcecode.c.h</string>
			<key>path</key>
			<string>iCarousel.h</string>
			<key>sourceTree</key>
			<string>&lt;group&gt;</string>
		</dict>
		<key>095093361A78207200DAF60C</key>
		<dict>
			<key>fileEncoding</key>
			<string>4</string>
			<key>isa</key>
			<string>PBXFileReference</string>
			<key>lastKnownFileType</key>
			<string>sourcecode.c.objc</string>
			<key>path</key>
			<string>iCarousel.m</string>
			<key>sourceTree</key>
			<string>&lt;group&gt;</string>
		</dict>
		<key>095093371A78207200DAF60C</key>
		<dict>
			<key>fileRef</key>
			<string>095093361A78207200DAF60C</string>
			<key>isa</key>
			<string>PBXBuildFile</string>
		</dict>
		<key>0950933B1A7821D400DAF60C</key>
		<dict>
			<key>isa</key>
			<string>PBXFileReference</string>
			<key>lastKnownFileType</key>
			<string>image.png</string>
			<key>path</key>
			<string>page.png</string>
			<key>sourceTree</key>
			<string>&lt;group&gt;</string>
		</dict>
		<key>0950933C1A7821D400DAF60C</key>
		<dict>
			<key>fileRef</key>
			<string>0950933B1A7821D400DAF60C</string>
			<key>isa</key>
			<string>PBXBuildFile</string>
		</dict>
		<key>0950933D1A7823C900DAF60C</key>
		<dict>
			<key>isa</key>
			<string>PBXFileReference</string>
			<key>lastKnownFileType</key>
			<string>image.png</string>
			<key>path</key>
			<string>background.png</string>
			<key>sourceTree</key>
			<string>&lt;group&gt;</string>
		</dict>
		<key>0950933E1A7823C900DAF60C</key>
		<dict>
			<key>fileRef</key>
			<string>0950933D1A7823C900DAF60C</string>
			<key>isa</key>
			<string>PBXBuildFile</string>
		</dict>
		<key>097615811A7A666800FCCBA2</key>
		<dict>
			<key>fileEncoding</key>
			<string>4</string>
			<key>isa</key>
			<string>PBXFileReference</string>
			<key>lastKnownFileType</key>
			<string>sourcecode.c.h</string>
			<key>path</key>
			<string>CardsScrollViewController.h</string>
			<key>sourceTree</key>
			<string>&lt;group&gt;</string>
		</dict>
		<key>097615821A7A666800FCCBA2</key>
		<dict>
			<key>fileEncoding</key>
			<string>4</string>
			<key>isa</key>
			<string>PBXFileReference</string>
			<key>lastKnownFileType</key>
			<string>sourcecode.c.objc</string>
			<key>path</key>
			<string>CardsScrollViewController.m</string>
			<key>sourceTree</key>
			<string>&lt;group&gt;</string>
		</dict>
		<key>097615831A7A666800FCCBA2</key>
		<dict>
			<key>fileRef</key>
			<string>097615821A7A666800FCCBA2</string>
			<key>isa</key>
			<string>PBXBuildFile</string>
		</dict>
		<key>09B9B8E81A88DF88003A9D78</key>
		<dict>
			<key>fileEncoding</key>
			<string>4</string>
			<key>isa</key>
			<string>PBXFileReference</string>
			<key>lastKnownFileType</key>
			<string>text</string>
			<key>path</key>
			<string>Podfile</string>
			<key>sourceTree</key>
			<string>&lt;group&gt;</string>
		</dict>
		<key>09B9B8E91A88DF88003A9D78</key>
		<dict>
			<key>fileRef</key>
			<string>09B9B8E81A88DF88003A9D78</string>
			<key>isa</key>
			<string>PBXBuildFile</string>
		</dict>
		<key>0FD975ADD7C79B7EA924A35E</key>
		<dict>
			<key>explicitFileType</key>
			<string>archive.ar</string>
			<key>includeInIndex</key>
			<string>0</string>
			<key>isa</key>
			<string>PBXFileReference</string>
			<key>path</key>
			<string>libPods.a</string>
			<key>sourceTree</key>
			<string>BUILT_PRODUCTS_DIR</string>
		</dict>
		<key>2312A47F07FDD36856DADD68</key>
		<dict>
			<key>buildActionMask</key>
			<string>2147483647</string>
			<key>files</key>
			<array/>
			<key>inputPaths</key>
			<array/>
			<key>isa</key>
			<string>PBXShellScriptBuildPhase</string>
			<key>name</key>
			<string>Check Pods Manifest.lock</string>
			<key>outputPaths</key>
			<array/>
			<key>runOnlyForDeploymentPostprocessing</key>
			<string>0</string>
			<key>shellPath</key>
			<string>/bin/sh</string>
			<key>shellScript</key>
			<string>diff "${PODS_ROOT}/../Podfile.lock" "${PODS_ROOT}/Manifest.lock" &gt; /dev/null
if [[ $? != 0 ]] ; then
    cat &lt;&lt; EOM
error: The sandbox is not in sync with the Podfile.lock. Run 'pod install' or update your CocoaPods installation.
EOM
    exit 1
fi
</string>
			<key>showEnvVarsInLog</key>
			<string>0</string>
		</dict>
		<key>432BE2632FDBD4D6FA40E2D7</key>
		<dict>
			<key>fileRef</key>
			<string>0FD975ADD7C79B7EA924A35E</string>
			<key>isa</key>
			<string>PBXBuildFile</string>
		</dict>
		<key>543802C43F0D65B6C4E69AF9</key>
		<dict>
			<key>includeInIndex</key>
			<string>1</string>
			<key>isa</key>
			<string>PBXFileReference</string>
			<key>lastKnownFileType</key>
			<string>text.xcconfig</string>
			<key>name</key>
			<string>Pods.debug.xcconfig</string>
			<key>path</key>
			<string>Pods/Target Support Files/Pods/Pods.debug.xcconfig</string>
			<key>sourceTree</key>
			<string>&lt;group&gt;</string>
		</dict>
		<key>632A26B689E99E5142632F04</key>
		<dict>
			<key>children</key>
			<array>
				<string>0FD975ADD7C79B7EA924A35E</string>
			</array>
			<key>isa</key>
			<string>PBXGroup</string>
			<key>name</key>
			<string>Frameworks</string>
			<key>sourceTree</key>
			<string>&lt;group&gt;</string>
		</dict>
		<key>C7A4E1A844B9D4CDA66196B8</key>
		<dict>
			<key>buildActionMask</key>
			<string>2147483647</string>
			<key>files</key>
			<array/>
			<key>inputPaths</key>
			<array/>
			<key>isa</key>
			<string>PBXShellScriptBuildPhase</string>
			<key>name</key>
			<string>Copy Pods Resources</string>
			<key>outputPaths</key>
			<array/>
			<key>runOnlyForDeploymentPostprocessing</key>
			<string>0</string>
			<key>shellPath</key>
			<string>/bin/sh</string>
			<key>shellScript</key>
			<string>"${SRCROOT}/Pods/Target Support Files/Pods/Pods-resources.sh"
</string>
			<key>showEnvVarsInLog</key>
			<string>0</string>
		</dict>
		<key>DF96967B89FD5CA11CE722A5</key>
		<dict>
			<key>children</key>
			<array>
				<string>543802C43F0D65B6C4E69AF9</string>
				<string>E26F0D445E6E817FA95CC0B5</string>
			</array>
			<key>isa</key>
			<string>PBXGroup</string>
			<key>name</key>
			<string>Pods</string>
			<key>sourceTree</key>
			<string>&lt;group&gt;</string>
		</dict>
		<key>E26F0D445E6E817FA95CC0B5</key>
		<dict>
			<key>includeInIndex</key>
			<string>1</string>
			<key>isa</key>
			<string>PBXFileReference</string>
			<key>lastKnownFileType</key>
			<string>text.xcconfig</string>
			<key>name</key>
			<string>Pods.release.xcconfig</string>
			<key>path</key>
			<string>Pods/Target Support Files/Pods/Pods.release.xcconfig</string>
			<key>sourceTree</key>
			<string>&lt;group&gt;</string>
		</dict>
	</dict>
	<key>rootObject</key>
	<string>0911F8301A745AEA0028CDE5</string>
</dict>
</plist>
